<?xml version="1.0" encoding="utf-8"?>
<Project ToolsVersion="4.0" xmlns="http://schemas.microsoft.com/developer/msbuild/2003">
  <ItemGroup>
    <Filter Include="源文件">
      <UniqueIdentifier>{4FC737F1-C7A5-4376-A066-2A32D752A2FF}</UniqueIdentifier>
      <Extensions>cpp;c;cc;cxx;def;odl;idl;hpj;bat;asm;asmx</Extensions>
    </Filter>
    <Filter Include="头文件">
      <UniqueIdentifier>{93995380-89BD-4b04-88EB-625FBE52EBFB}</UniqueIdentifier>
      <Extensions>h;hpp;hxx;hm;inl;inc;xsd</Extensions>
    </Filter>
    <Filter Include="资源文件">
      <UniqueIdentifier>{67DA6AB6-F800-4c08-8B7A-83BB121AAD01}</UniqueIdentifier>
      <Extensions>rc;ico;cur;bmp;dlg;rc2;rct;bin;rgs;gif;jpg;jpeg;jpe;resx;tiff;tif;png;wav;mfcribbon-ms</Extensions>
    </Filter>
  </ItemGroup>
  <ItemGroup>
    <None Include="ReadMe.txt" />
    <None Include="instances.inc">
      <Filter>源文件</Filter>
    </None>
  </ItemGroup>
  <ItemGroup>
    <ClInclude Include="stdafx.h">
      <Filter>头文件</Filter>
    </ClInclude>
    <ClInclude Include="targetver.h">
      <Filter>头文件</Filter>
    </ClInclude>
    <ClInclude Include="CvvImage.h">
      <Filter>头文件</Filter>
    </ClInclude>
    <ClInclude Include="Color_Lab.h">
      <Filter>头文件</Filter>
    </ClInclude>
    <ClInclude Include="Color_RGB.h">
      <Filter>头文件</Filter>
    </ClInclude>
    <ClInclude Include="block.h">
      <Filter>头文件</Filter>
    </ClInclude>
    <ClInclude Include="graph.h">
      <Filter>头文件</Filter>
    </ClInclude>
    <ClInclude Include="Vector.h">
      <Filter>头文件</Filter>
    </ClInclude>
    <ClInclude Include="Global.h">
      <Filter>头文件</Filter>
    </ClInclude>
    <ClInclude Include="Image.h">
      <Filter>头文件</Filter>
    </ClInclude>
    <ClInclude Include="GMM.h">
      <Filter>头文件</Filter>
    </ClInclude>
    <ClInclude Include="Matrix.h">
      <Filter>头文件</Filter>
    </ClInclude>
    <ClInclude Include="Helper.h">
      <Filter>头文件</Filter>
    </ClInclude>
    <ClInclude Include="ImageProcessing.h">
      <Filter>头文件</Filter>
    </ClInclude>
    <ClInclude Include="GrabCutTool.h">
      <Filter>头文件</Filter>
    </ClInclude>
    <ClInclude Include="Filter.h">
      <Filter>头文件</Filter>
    </ClInclude>
    <ClInclude Include="Wavelet.h">
      <Filter>头文件</Filter>
    </ClInclude>
    <ClInclude Include="GMM_Tensor.h">
      <Filter>头文件</Filter>
    </ClInclude>
    <ClInclude Include="AGMM.h">
      <Filter>头文件</Filter>
    </ClInclude>
    <ClInclude Include="Tensor.h">
      <Filter>头文件</Filter>
    </ClInclude>
    <ClInclude Include="Gabor.h">
      <Filter>头文件</Filter>
    </ClInclude>
    <ClInclude Include="GMM_ex.h">
      <Filter>头文件</Filter>
    </ClInclude>
  </ItemGroup>
  <ItemGroup>
    <ClCompile Include="stdafx.cpp">
      <Filter>源文件</Filter>
    </ClCompile>
    <ClCompile Include="GrabCut.cpp">
      <Filter>源文件</Filter>
    </ClCompile>
    <ClCompile Include="CvvImage.cpp">
      <Filter>源文件</Filter>
    </ClCompile>
    <ClCompile Include="graph.cpp">
      <Filter>源文件</Filter>
    </ClCompile>
    <ClCompile Include="maxflow.cpp">
      <Filter>源文件</Filter>
    </ClCompile>
    <ClCompile Include="Vector.cpp">
      <Filter>源文件</Filter>
    </ClCompile>
    <ClCompile Include="GMM.cpp">
      <Filter>源文件</Filter>
    </ClCompile>
    <ClCompile Include="Matrix.cpp">
      <Filter>源文件</Filter>
    </ClCompile>
    <ClCompile Include="Helper.cpp">
      <Filter>源文件</Filter>
    </ClCompile>
    <ClCompile Include="ImageProcessing.cpp">
      <Filter>源文件</Filter>
    </ClCompile>
    <ClCompile Include="GrabCutTool.cpp">
      <Filter>源文件</Filter>
    </ClCompile>
    <ClCompile Include="Filter.cpp">
      <Filter>源文件</Filter>
    </ClCompile>
    <ClCompile Include="Wavelet.cpp">
      <Filter>源文件</Filter>
    </ClCompile>
    <ClCompile Include="AGMM.cpp">
      <Filter>源文件</Filter>
    </ClCompile>
    <ClCompile Include="GMM_Tensor.cpp">
      <Filter>源文件</Filter>
    </ClCompile>
    <ClCompile Include="Tensor.cpp">
      <Filter>源文件</Filter>
    </ClCompile>
    <ClCompile Include="Gabor.cpp">
      <Filter>源文件</Filter>
    </ClCompile>
    <ClCompile Include="GMM_ex.cpp">
      <Filter>源文件</Filter>
    </ClCompile>
  </ItemGroup>
</Project>